
Microsoft Visual Studio Solution File, Format Version 12.00
# Visual Studio 15
VisualStudioVersion = 15.0.28307.852
MinimumVisualStudioVersion = 10.0.40219.1
Project("{FAE04EC0-301F-11D3-BF4B-00C04F79EFBC}") = "App1", "App1\App1.csproj", "{202010FD-A599-4EC7-A3AB-4ADC70F8F66A}"
EndProject
Global
	GlobalSection(SolutionConfigurationPlatforms) = preSolution
		Debug|Any CPU = Debug|Any CPU
		Release|Any CPU = Release|Any CPU
		test|Any CPU = test|Any CPU
	EndGlobalSection
	GlobalSection(ProjectConfigurationPlatforms) = postSolution
		{202010FD-A599-4EC7-A3AB-4ADC70F8F66A}.Debug|Any CPU.ActiveCfg = Debug|Any CPU
		{202010FD-A599-4EC7-A3AB-4ADC70F8F66A}.Debug|Any CPU.Build.0 = Debug|Any CPU
		{202010FD-A599-4EC7-A3AB-4ADC70F8F66A}.Debug|Any CPU.Deploy.0 = Debug|Any CPU
		{202010FD-A599-4EC7-A3AB-4ADC70F8F66A}.Release|Any CPU.ActiveCfg = Release|Any CPU
		{202010FD-A599-4EC7-A3AB-4ADC70F8F66A}.Release|Any CPU.Build.0 = Release|Any CPU
		{202010FD-A599-4EC7-A3AB-4ADC70F8F66A}.Release|Any CPU.Deploy.0 = Release|Any CPU
		{202010FD-A599-4EC7-A3AB-4ADC70F8F66A}.test|Any CPU.ActiveCfg = test|x64
		{202010FD-A599-4EC7-A3AB-4ADC70F8F66A}.test|Any CPU.Build.0 = test|x64
		{202010FD-A599-4EC7-A3AB-4ADC70F8F66A}.test|Any CPU.Deploy.0 = test|x64
	EndGlobalSection
	GlobalSection(SolutionProperties) = preSolution
		HideSolutionNode = FALSE
	EndGlobalSection
	GlobalSection(ExtensibilityGlobals) = postSolution
		SolutionGuid = {8058B52F-A64F-4C9F-9401-46FB0DB9F587}
	EndGlobalSection
EndGlobal
